lockfileVersion: '6.0'

settings:
  autoInstallPeers: true
  excludeLinksFromLockfile: false

dependencies:
  '@dromney/gear-gen':
    specifier: ^0.2.11
    version: 0.2.11
  gear-gen:
    specifier: link:@#dromney/gear-gen
    version: link:@#dromney/gear-gen

devDependencies:
  '@types/react':
    specifier: ^18.2.20
    version: 18.2.75
  react:
    specifier: ^18.2.0
    version: 18.2.0
  typescript:
    specifier: ^5.1.6
    version: 5.4.5

packages:

  /@dromney/gear-gen@0.2.11:
    resolution: {integrity: sha512-ELNS5CN7qqq1HAfwa0/s2yiGkmbVD52uAYuqWdhIIsNCnz4CQOYpJDmXlkyBHS2Lg1eW6Tf75fEh9hJdZEV15g==}
    dev: false

  /@types/prop-types@15.7.12:
    resolution: {integrity: sha512-5zvhXYtRNRluoE/jAp4GVsSduVUzNWKkOZrCDBWYtE7biZywwdC2AcEzg+cSMLFRfVgeAFqpfNabiPjxFddV1Q==}
    dev: true

  /@types/react@18.2.75:
    resolution: {integrity: sha512-+DNnF7yc5y0bHkBTiLKqXFe+L4B3nvOphiMY3tuA5X10esmjqk7smyBZzbGTy2vsiy/Bnzj8yFIBL8xhRacoOg==}
    dependencies:
      '@types/prop-types': 15.7.12
      csstype: 3.1.3
    dev: true

  /csstype@3.1.3:
    resolution: {integrity: sha512-M1uQkMl8rQK/szD0LNhtqxIPLpimGm8sOBwU7lLnCpSbTyY3yeU1Vc7l4KT5zT4s/yOxHH5O7tIuuLOCnLADRw==}
    dev: true

  /js-tokens@4.0.0:
    resolution: {integrity: sha512-RdJUflcE3cUzKiMqQgsCu06FPu9UdIJO0beYbPhHN4k6apgJtifcoCtT9bcxOpYBtpD2kCM6Sbzg4CausW/PKQ==}
    dev: true

  /loose-envify@1.4.0:
    resolution: {integrity: sha512-lyuxPGr/Wfhrlem2CL/UcnUc1zcqKAImBDzukY7Y5F/yQiNdko6+fRLevlw1HgMySw7f611UIY408EtxRSoK3Q==}
    hasBin: true
    dependencies:
      js-tokens: 4.0.0
    dev: true

  /react@18.2.0:
    resolution: {integrity: sha512-/3IjMdb2L9QbBdWiW5e3P2/npwMBaU9mHCSCUzNln0ZCYbcfTsGbTJrU/kGemdH2IWmB2ioZ+zkxtmq6g09fGQ==}
    engines: {node: '>=0.10.0'}
    dependencies:
      loose-envify: 1.4.0
    dev: true

  /typescript@5.4.5:
    resolution: {integrity: sha512-vcI4UpRgg81oIRUFwR0WSIHKt11nJ7SAVlYNIu+QpqeyXP+gpQJy/Z4+F0aGxSE4MqwjyXvW/TzgkLAx2AGHwQ==}
    engines: {node: '>=14.17'}
    hasBin: true
    dev: true
